
Microsoft Visual Studio Solution File, Format Version 12.00
# Visual Studio Version 17
VisualStudioVersion = 17.2.32519.379
MinimumVisualStudioVersion = 10.0.40219.1
Project("{9A19103F-16F7-4668-BE54-9A1E7A4F7556}") = "Spotify.API", "Spotify.API\Spotify.API.csproj", "{1F264236-AB11-4105-9DA0-B301990B2699}"
EndProject
Project("{9A19103F-16F7-4668-BE54-9A1E7A4F7556}") = "Spotify.Domain", "Spotify.Domain\Spotify.Domain.csproj", "{E4C8E6EF-013D-4208-8559-979FE007A78D}"
EndProject
Project("{9A19103F-16F7-4668-BE54-9A1E7A4F7556}") = "Spotify.Idp", "Spotify.Idp\Spotify.Idp.csproj", "{782F3AC1-7934-4B84-A8E6-9858DADD96B1}"
EndProject
Project("{9A19103F-16F7-4668-BE54-9A1E7A4F7556}") = "Spotify.Repository", "Spotify.Repository\Spotify.Repository.csproj", "{834DC984-D539-44FF-AE1F-1ECEE347BDBC}"
EndProject
Project("{9A19103F-16F7-4668-BE54-9A1E7A4F7556}") = "Spotify.Infrastructure", "Spotify.Infrastructure\Spotify.Infrastructure.csproj", "{474A8838-7F31-4B51-A63C-F42AFF8A0C51}"
EndProject
Project("{FAE04EC0-301F-11D3-BF4B-00C04F79EFBC}") = "Spotify.Application", "Spotify.Application\Spotify.Application.csproj", "{54D14A72-69CB-47A5-883C-5330EF14599D}"
EndProject
Global
	GlobalSection(SolutionConfigurationPlatforms) = preSolution
		Debug|Any CPU = Debug|Any CPU
		Release|Any CPU = Release|Any CPU
	EndGlobalSection
	GlobalSection(ProjectConfigurationPlatforms) = postSolution
		{1F264236-AB11-4105-9DA0-B301990B2699}.Debug|Any CPU.ActiveCfg = Debug|Any CPU
		{1F264236-AB11-4105-9DA0-B301990B2699}.Debug|Any CPU.Build.0 = Debug|Any CPU
		{1F264236-AB11-4105-9DA0-B301990B2699}.Release|Any CPU.ActiveCfg = Release|Any CPU
		{1F264236-AB11-4105-9DA0-B301990B2699}.Release|Any CPU.Build.0 = Release|Any CPU
		{E4C8E6EF-013D-4208-8559-979FE007A78D}.Debug|Any CPU.ActiveCfg = Debug|Any CPU
		{E4C8E6EF-013D-4208-8559-979FE007A78D}.Debug|Any CPU.Build.0 = Debug|Any CPU
		{E4C8E6EF-013D-4208-8559-979FE007A78D}.Release|Any CPU.ActiveCfg = Release|Any CPU
		{E4C8E6EF-013D-4208-8559-979FE007A78D}.Release|Any CPU.Build.0 = Release|Any CPU
		{782F3AC1-7934-4B84-A8E6-9858DADD96B1}.Debug|Any CPU.ActiveCfg = Debug|Any CPU
		{782F3AC1-7934-4B84-A8E6-9858DADD96B1}.Debug|Any CPU.Build.0 = Debug|Any CPU
		{782F3AC1-7934-4B84-A8E6-9858DADD96B1}.Release|Any CPU.ActiveCfg = Release|Any CPU
		{782F3AC1-7934-4B84-A8E6-9858DADD96B1}.Release|Any CPU.Build.0 = Release|Any CPU
		{834DC984-D539-44FF-AE1F-1ECEE347BDBC}.Debug|Any CPU.ActiveCfg = Debug|Any CPU
		{834DC984-D539-44FF-AE1F-1ECEE347BDBC}.Debug|Any CPU.Build.0 = Debug|Any CPU
		{834DC984-D539-44FF-AE1F-1ECEE347BDBC}.Release|Any CPU.ActiveCfg = Release|Any CPU
		{834DC984-D539-44FF-AE1F-1ECEE347BDBC}.Release|Any CPU.Build.0 = Release|Any CPU
		{474A8838-7F31-4B51-A63C-F42AFF8A0C51}.Debug|Any CPU.ActiveCfg = Debug|Any CPU
		{474A8838-7F31-4B51-A63C-F42AFF8A0C51}.Debug|Any CPU.Build.0 = Debug|Any CPU
		{474A8838-7F31-4B51-A63C-F42AFF8A0C51}.Release|Any CPU.ActiveCfg = Release|Any CPU
		{474A8838-7F31-4B51-A63C-F42AFF8A0C51}.Release|Any CPU.Build.0 = Release|Any CPU
		{54D14A72-69CB-47A5-883C-5330EF14599D}.Debug|Any CPU.ActiveCfg = Debug|Any CPU
		{54D14A72-69CB-47A5-883C-5330EF14599D}.Debug|Any CPU.Build.0 = Debug|Any CPU
		{54D14A72-69CB-47A5-883C-5330EF14599D}.Release|Any CPU.ActiveCfg = Release|Any CPU
		{54D14A72-69CB-47A5-883C-5330EF14599D}.Release|Any CPU.Build.0 = Release|Any CPU
	EndGlobalSection
	GlobalSection(SolutionProperties) = preSolution
		HideSolutionNode = FALSE
	EndGlobalSection
	GlobalSection(ExtensibilityGlobals) = postSolution
		SolutionGuid = {976A9F6B-30B2-4E7E-BD19-8AFAFD124384}
	EndGlobalSection
EndGlobal
